
Microsoft Visual Studio Solution File, Format Version 12.00
# Visual Studio Version 17
VisualStudioVersion = 17.6.33801.468
MinimumVisualStudioVersion = 10.0.40219.1
Project("{FAE04EC0-301F-11D3-BF4B-00C04F79EFBC}") = "SpiralMatrices.Core", "SpiralMatrices.Core\SpiralMatrices.Core.csproj", "{048DE1FF-394F-43D5-AA63-6743551F33E7}"
EndProject
Project("{FAE04EC0-301F-11D3-BF4B-00C04F79EFBC}") = "SpiralMatrices.Test", "SpiralMatrices.Test\SpiralMatrices.Test.csproj", "{15A8EE66-E22C-409B-9FED-FA583DB382E1}"
EndProject
Global
	GlobalSection(SolutionConfigurationPlatforms) = preSolution
		Debug|Any CPU = Debug|Any CPU
		Release|Any CPU = Release|Any CPU
	EndGlobalSection
	GlobalSection(ProjectConfigurationPlatforms) = postSolution
		{71D90F43-FD67-42DD-AB83-6F2BA9498E6F}.Debug|Any CPU.ActiveCfg = Debug|Any CPU
		{71D90F43-FD67-42DD-AB83-6F2BA9498E6F}.Debug|Any CPU.Build.0 = Debug|Any CPU
		{71D90F43-FD67-42DD-AB83-6F2BA9498E6F}.Release|Any CPU.ActiveCfg = Release|Any CPU
		{71D90F43-FD67-42DD-AB83-6F2BA9498E6F}.Release|Any CPU.Build.0 = Release|Any CPU
		{E42879F1-2F5B-466F-96C5-988930161EE8}.Debug|Any CPU.ActiveCfg = Debug|Any CPU
		{E42879F1-2F5B-466F-96C5-988930161EE8}.Debug|Any CPU.Build.0 = Debug|Any CPU
		{E42879F1-2F5B-466F-96C5-988930161EE8}.Release|Any CPU.ActiveCfg = Release|Any CPU
		{E42879F1-2F5B-466F-96C5-988930161EE8}.Release|Any CPU.Build.0 = Release|Any CPU
		{048DE1FF-394F-43D5-AA63-6743551F33E7}.Debug|Any CPU.ActiveCfg = Debug|Any CPU
		{048DE1FF-394F-43D5-AA63-6743551F33E7}.Debug|Any CPU.Build.0 = Debug|Any CPU
		{048DE1FF-394F-43D5-AA63-6743551F33E7}.Release|Any CPU.ActiveCfg = Release|Any CPU
		{048DE1FF-394F-43D5-AA63-6743551F33E7}.Release|Any CPU.Build.0 = Release|Any CPU
		{15A8EE66-E22C-409B-9FED-FA583DB382E1}.Debug|Any CPU.ActiveCfg = Debug|Any CPU
		{15A8EE66-E22C-409B-9FED-FA583DB382E1}.Debug|Any CPU.Build.0 = Debug|Any CPU
		{15A8EE66-E22C-409B-9FED-FA583DB382E1}.Release|Any CPU.ActiveCfg = Release|Any CPU
		{15A8EE66-E22C-409B-9FED-FA583DB382E1}.Release|Any CPU.Build.0 = Release|Any CPU
	EndGlobalSection
	GlobalSection(SolutionProperties) = preSolution
		HideSolutionNode = FALSE
	EndGlobalSection
	GlobalSection(ExtensibilityGlobals) = postSolution
		SolutionGuid = {DD065529-4871-4661-B566-9B0DC2DDFE04}
	EndGlobalSection
EndGlobal
